// !$*UTF8*$!
{
	archiveVersion = 1;
	classes = {
	};
	objectVersion = 55;
	objects = {

/* Begin PBXBuildFile section */
		12C503D61A1518B024E0F8B6 /* Pods_MovieRamaTests.framework in Frameworks */ = {isa = PBXBuildFile; fileRef = D157D1D3FBCC8EA6A7BC900D /* Pods_MovieRamaTests.framework */; };
		25997BF74C0C1E379A4F87AF /* Pods_MovieRama_MovieRamaUITests.framework in Frameworks */ = {isa = PBXBuildFile; fileRef = 2FAD0684E74A6C918D10CEAD /* Pods_MovieRama_MovieRamaUITests.framework */; };
		278219497BFF3BE845D11F6F /* Pods_MovieRama.framework in Frameworks */ = {isa = PBXBuildFile; fileRef = E7EB5503FE600F8ECF49CF93 /* Pods_MovieRama.framework */; };
		CD23A9CC28634473001024EE /* AppDelegate.swift in Sources */ = {isa = PBXBuildFile; fileRef = CD23A9CB28634473001024EE /* AppDelegate.swift */; };
		CD23A9CE28634473001024EE /* SceneDelegate.swift in Sources */ = {isa = PBXBuildFile; fileRef = CD23A9CD28634473001024EE /* SceneDelegate.swift */; };
		CD23A9D028634473001024EE /* RootViewController.swift in Sources */ = {isa = PBXBuildFile; fileRef = CD23A9CF28634473001024EE /* RootViewController.swift */; };
		CD23A9D328634473001024EE /* Main.storyboard in Resources */ = {isa = PBXBuildFile; fileRef = CD23A9D128634473001024EE /* Main.storyboard */; };
		CD23A9D528634474001024EE /* Assets.xcassets in Resources */ = {isa = PBXBuildFile; fileRef = CD23A9D428634474001024EE /* Assets.xcassets */; };
		CD23A9D828634474001024EE /* LaunchScreen.storyboard in Resources */ = {isa = PBXBuildFile; fileRef = CD23A9D628634474001024EE /* LaunchScreen.storyboard */; };
		CD23A9E328634474001024EE /* MovieRamaTests.swift in Sources */ = {isa = PBXBuildFile; fileRef = CD23A9E228634474001024EE /* MovieRamaTests.swift */; };
		CD23A9ED28634474001024EE /* MovieRamaUITests.swift in Sources */ = {isa = PBXBuildFile; fileRef = CD23A9EC28634474001024EE /* MovieRamaUITests.swift */; };
		CD23A9EF28634474001024EE /* MovieRamaUITestsLaunchTests.swift in Sources */ = {isa = PBXBuildFile; fileRef = CD23A9EE28634474001024EE /* MovieRamaUITestsLaunchTests.swift */; };
		CD23A9FD286347B4001024EE /* .swiftlint.yml in Resources */ = {isa = PBXBuildFile; fileRef = CD23A9FC286347B4001024EE /* .swiftlint.yml */; };
		CD23AA042863485E001024EE /* HTTPClient.swift in Sources */ = {isa = PBXBuildFile; fileRef = CD23AA032863485E001024EE /* HTTPClient.swift */; };
		CD23AA062863486B001024EE /* UIColor+Extension.swift in Sources */ = {isa = PBXBuildFile; fileRef = CD23AA052863486B001024EE /* UIColor+Extension.swift */; };
		CD23AA0A28635061001024EE /* TabBarViewController.swift in Sources */ = {isa = PBXBuildFile; fileRef = CD23AA0928635061001024EE /* TabBarViewController.swift */; };
		CD23AA0D28635F1B001024EE /* PopularMoviesViewController.swift in Sources */ = {isa = PBXBuildFile; fileRef = CD23AA0C28635F1B001024EE /* PopularMoviesViewController.swift */; };
		CD23AA12286368EE001024EE /* PopularMoviesViewModel.swift in Sources */ = {isa = PBXBuildFile; fileRef = CD23AA11286368EE001024EE /* PopularMoviesViewModel.swift */; };
		CD23AA14286368F9001024EE /* PopularMoviesService.swift in Sources */ = {isa = PBXBuildFile; fileRef = CD23AA13286368F9001024EE /* PopularMoviesService.swift */; };
		CD23AA1728636D4A001024EE /* NetworkError.swift in Sources */ = {isa = PBXBuildFile; fileRef = CD23AA1628636D4A001024EE /* NetworkError.swift */; };
		CD23AA1928636D59001024EE /* URLSessionNetwork.swift in Sources */ = {isa = PBXBuildFile; fileRef = CD23AA1828636D59001024EE /* URLSessionNetwork.swift */; };
		CD23AA1B28636D63001024EE /* Router.swift in Sources */ = {isa = PBXBuildFile; fileRef = CD23AA1A28636D63001024EE /* Router.swift */; };
		CD23AA2128638B95001024EE /* Foundation+Extension.swift in Sources */ = {isa = PBXBuildFile; fileRef = CD23AA2028638B95001024EE /* Foundation+Extension.swift */; };
		CD23AA2328638BC0001024EE /* Publisher+Extension.swift in Sources */ = {isa = PBXBuildFile; fileRef = CD23AA2228638BC0001024EE /* Publisher+Extension.swift */; };
		CD23AA2528638C04001024EE /* BaseViewController.swift in Sources */ = {isa = PBXBuildFile; fileRef = CD23AA2428638C04001024EE /* BaseViewController.swift */; };
		CD23AA29286390E9001024EE /* APIResponsePopularMovies.swift in Sources */ = {isa = PBXBuildFile; fileRef = CD23AA28286390E9001024EE /* APIResponsePopularMovies.swift */; };
		CD33732E286AF77500CFA0EA /* SearchView.swift in Sources */ = {isa = PBXBuildFile; fileRef = CD33732D286AF77500CFA0EA /* SearchView.swift */; };
		CD337330286AF9CE00CFA0EA /* Combine+UITextField.swift in Sources */ = {isa = PBXBuildFile; fileRef = CD33732F286AF9CE00CFA0EA /* Combine+UITextField.swift */; };
		CD337333286B03E700CFA0EA /* APIResponseSearch.swift in Sources */ = {isa = PBXBuildFile; fileRef = CD337332286B03E700CFA0EA /* APIResponseSearch.swift */; };
		CD4E747628645C3F0054220B /* Layout+View.swift in Sources */ = {isa = PBXBuildFile; fileRef = CD4E747528645C3F0054220B /* Layout+View.swift */; };
		CD4E747B28645D930054220B /* UIView+Extension.swift in Sources */ = {isa = PBXBuildFile; fileRef = CD4E747A28645D930054220B /* UIView+Extension.swift */; };
		CD4E747E286460D40054220B /* MovieDataModel.swift in Sources */ = {isa = PBXBuildFile; fileRef = CD4E747D286460D40054220B /* MovieDataModel.swift */; };
		CD4E74822864702E0054220B /* MovieTableViewCell.swift in Sources */ = {isa = PBXBuildFile; fileRef = CD4E74812864702E0054220B /* MovieTableViewCell.swift */; };
		CD4E7485286472E30054220B /* BaseTableView.swift in Sources */ = {isa = PBXBuildFile; fileRef = CD4E7484286472E30054220B /* BaseTableView.swift */; };
		CD4E74882864849B0054220B /* Pagination.swift in Sources */ = {isa = PBXBuildFile; fileRef = CD4E74872864849B0054220B /* Pagination.swift */; };
		CD4E748C2865C3250054220B /* ImageSession+UIImageView.swift in Sources */ = {isa = PBXBuildFile; fileRef = CD4E748B2865C3250054220B /* ImageSession+UIImageView.swift */; };
		CD4E748E2865C3790054220B /* CacheMethod.swift in Sources */ = {isa = PBXBuildFile; fileRef = CD4E748D2865C3790054220B /* CacheMethod.swift */; };
		CD4E74902865C3BB0054220B /* ImageCache.swift in Sources */ = {isa = PBXBuildFile; fileRef = CD4E748F2865C3BB0054220B /* ImageCache.swift */; };
		CD4E74942865CE0A0054220B /* Jura-Medium.ttf in Resources */ = {isa = PBXBuildFile; fileRef = CD4E74922865CE0A0054220B /* Jura-Medium.ttf */; };
		CD4E74952865CE0A0054220B /* Jura-SemiBold.ttf in Resources */ = {isa = PBXBuildFile; fileRef = CD4E74932865CE0A0054220B /* Jura-SemiBold.ttf */; };
		CD4E74972865CE410054220B /* AppFonts.swift in Sources */ = {isa = PBXBuildFile; fileRef = CD4E74962865CE410054220B /* AppFonts.swift */; };
		CD4E749A2865CEBA0054220B /* String+Style.swift in Sources */ = {isa = PBXBuildFile; fileRef = CD4E74992865CEBA0054220B /* String+Style.swift */; };
		CD4E749D2865E95E0054220B /* BaseNavigationController.swift in Sources */ = {isa = PBXBuildFile; fileRef = CD4E749C2865E95E0054220B /* BaseNavigationController.swift */; };
		CD4E749F2865EB870054220B /* UIViewController+Extension.swift in Sources */ = {isa = PBXBuildFile; fileRef = CD4E749E2865EB870054220B /* UIViewController+Extension.swift */; };
		CD4E74A22865EBD80054220B /* MovieDetailsViewController.swift in Sources */ = {isa = PBXBuildFile; fileRef = CD4E74A12865EBD80054220B /* MovieDetailsViewController.swift */; };
		CD4E74A42865EE330054220B /* MovieDetailsViewModel.swift in Sources */ = {isa = PBXBuildFile; fileRef = CD4E74A32865EE330054220B /* MovieDetailsViewModel.swift */; };
		CD4E74A72866F49C0054220B /* APIResponseMovieDetails.swift in Sources */ = {isa = PBXBuildFile; fileRef = CD4E74A62866F49C0054220B /* APIResponseMovieDetails.swift */; };
		CD4E74A92866F8120054220B /* MovieDetailsService.swift in Sources */ = {isa = PBXBuildFile; fileRef = CD4E74A82866F8120054220B /* MovieDetailsService.swift */; };
		CD4E74AC2866FAC10054220B /* MovieDetailsDataModel.swift in Sources */ = {isa = PBXBuildFile; fileRef = CD4E74AB2866FAC10054220B /* MovieDetailsDataModel.swift */; };
		CD4E74AF286706950054220B /* CastCollectionView.swift in Sources */ = {isa = PBXBuildFile; fileRef = CD4E74AE286706950054220B /* CastCollectionView.swift */; };
		CD4E74B2286706B20054220B /* CastCollectionViewCell.swift in Sources */ = {isa = PBXBuildFile; fileRef = CD4E74B1286706B20054220B /* CastCollectionViewCell.swift */; };
		CD4E74B5286711080054220B /* APIResponseSimilarMovies.swift in Sources */ = {isa = PBXBuildFile; fileRef = CD4E74B4286711080054220B /* APIResponseSimilarMovies.swift */; };
		CD4E74B8286714C10054220B /* APIResponseReviews.swift in Sources */ = {isa = PBXBuildFile; fileRef = CD4E74B7286714C10054220B /* APIResponseReviews.swift */; };
		CDB0BF76286998B900DF514D /* SimilarMoviesCollectionView.swift in Sources */ = {isa = PBXBuildFile; fileRef = CDB0BF75286998B900DF514D /* SimilarMoviesCollectionView.swift */; };
		CDB0BF79286998D200DF514D /* SimilarMoviesCollectionViewCell.swift in Sources */ = {isa = PBXBuildFile; fileRef = CDB0BF78286998D200DF514D /* SimilarMoviesCollectionViewCell.swift */; };
		CDB0BF7C28699A7400DF514D /* DirectorView.swift in Sources */ = {isa = PBXBuildFile; fileRef = CDB0BF7B28699A7400DF514D /* DirectorView.swift */; };
		CDB0BF7F2869A04B00DF514D /* DataContext.swift in Sources */ = {isa = PBXBuildFile; fileRef = CDB0BF7E2869A04B00DF514D /* DataContext.swift */; };
		CDB0BF812869A36000DF514D /* Combine+UIControl.swift in Sources */ = {isa = PBXBuildFile; fileRef = CDB0BF802869A36000DF514D /* Combine+UIControl.swift */; };
		CDD1443B286A241C00F2BD0F /* CircularProgress.swift in Sources */ = {isa = PBXBuildFile; fileRef = CDD1443A286A241C00F2BD0F /* CircularProgress.swift */; };
		CDD14441286A2A0000F2BD0F /* FavoritesViewController.swift in Sources */ = {isa = PBXBuildFile; fileRef = CDD14440286A2A0000F2BD0F /* FavoritesViewController.swift */; };
		CDD14443286A2A5B00F2BD0F /* FavoritesViewModel.swift in Sources */ = {isa = PBXBuildFile; fileRef = CDD14442286A2A5B00F2BD0F /* FavoritesViewModel.swift */; };
/* End PBXBuildFile section */

/* Begin PBXContainerItemProxy section */
		CD23A9DF28634474001024EE /* PBXContainerItemProxy */ = {
			isa = PBXContainerItemProxy;
			containerPortal = CD23A9C028634473001024EE /* Project object */;
			proxyType = 1;
			remoteGlobalIDString = CD23A9C728634473001024EE;
			remoteInfo = MovieRama;
		};
		CD23A9E928634474001024EE /* PBXContainerItemProxy */ = {
			isa = PBXContainerItemProxy;
			containerPortal = CD23A9C028634473001024EE /* Project object */;
			proxyType = 1;
			remoteGlobalIDString = CD23A9C728634473001024EE;
			remoteInfo = MovieRama;
		};
/* End PBXContainerItemProxy section */

/* Begin PBXFileReference section */
		1E94D53AF80E78F9266B99C7 /* Pods-MovieRama-MovieRamaUITests.debug.xcconfig */ = {isa = PBXFileReference; includeInIndex = 1; lastKnownFileType = text.xcconfig; name = "Pods-MovieRama-MovieRamaUITests.debug.xcconfig"; path = "Target Support Files/Pods-MovieRama-MovieRamaUITests/Pods-MovieRama-MovieRamaUITests.debug.xcconfig"; sourceTree = "<group>"; };
		2FAD0684E74A6C918D10CEAD /* Pods_MovieRama_MovieRamaUITests.framework */ = {isa = PBXFileReference; explicitFileType = wrapper.framework; includeInIndex = 0; path = Pods_MovieRama_MovieRamaUITests.framework; sourceTree = BUILT_PRODUCTS_DIR; };
		46DB65A7DDCFCB420400DD3C /* Pods-MovieRama-MovieRamaUITests.release.xcconfig */ = {isa = PBXFileReference; includeInIndex = 1; lastKnownFileType = text.xcconfig; name = "Pods-MovieRama-MovieRamaUITests.release.xcconfig"; path = "Target Support Files/Pods-MovieRama-MovieRamaUITests/Pods-MovieRama-MovieRamaUITests.release.xcconfig"; sourceTree = "<group>"; };
		580D044A384BB6565DF7F3C0 /* Pods-MovieRama.release.xcconfig */ = {isa = PBXFileReference; includeInIndex = 1; lastKnownFileType = text.xcconfig; name = "Pods-MovieRama.release.xcconfig"; path = "Target Support Files/Pods-MovieRama/Pods-MovieRama.release.xcconfig"; sourceTree = "<group>"; };
		CD23A9C828634473001024EE /* MovieRama.app */ = {isa = PBXFileReference; explicitFileType = wrapper.application; includeInIndex = 0; path = MovieRama.app; sourceTree = BUILT_PRODUCTS_DIR; };
		CD23A9CB28634473001024EE /* AppDelegate.swift */ = {isa = PBXFileReference; lastKnownFileType = sourcecode.swift; path = AppDelegate.swift; sourceTree = "<group>"; };
		CD23A9CD28634473001024EE /* SceneDelegate.swift */ = {isa = PBXFileReference; lastKnownFileType = sourcecode.swift; path = SceneDelegate.swift; sourceTree = "<group>"; };
		CD23A9CF28634473001024EE /* RootViewController.swift */ = {isa = PBXFileReference; lastKnownFileType = sourcecode.swift; path = RootViewController.swift; sourceTree = "<group>"; };
		CD23A9D228634473001024EE /* Base */ = {isa = PBXFileReference; lastKnownFileType = file.storyboard; name = Base; path = Base.lproj/Main.storyboard; sourceTree = "<group>"; };
		CD23A9D428634474001024EE /* Assets.xcassets */ = {isa = PBXFileReference; lastKnownFileType = folder.assetcatalog; path = Assets.xcassets; sourceTree = "<group>"; };
		CD23A9D728634474001024EE /* Base */ = {isa = PBXFileReference; lastKnownFileType = file.storyboard; name = Base; path = Base.lproj/LaunchScreen.storyboard; sourceTree = "<group>"; };
		CD23A9D928634474001024EE /* Info.plist */ = {isa = PBXFileReference; lastKnownFileType = text.plist.xml; path = Info.plist; sourceTree = "<group>"; };
		CD23A9DE28634474001024EE /* MovieRamaTests.xctest */ = {isa = PBXFileReference; explicitFileType = wrapper.cfbundle; includeInIndex = 0; path = MovieRamaTests.xctest; sourceTree = BUILT_PRODUCTS_DIR; };
		CD23A9E228634474001024EE /* MovieRamaTests.swift */ = {isa = PBXFileReference; lastKnownFileType = sourcecode.swift; path = MovieRamaTests.swift; sourceTree = "<group>"; };
		CD23A9E828634474001024EE /* MovieRamaUITests.xctest */ = {isa = PBXFileReference; explicitFileType = wrapper.cfbundle; includeInIndex = 0; path = MovieRamaUITests.xctest; sourceTree = BUILT_PRODUCTS_DIR; };
		CD23A9EC28634474001024EE /* MovieRamaUITests.swift */ = {isa = PBXFileReference; lastKnownFileType = sourcecode.swift; path = MovieRamaUITests.swift; sourceTree = "<group>"; };
		CD23A9EE28634474001024EE /* MovieRamaUITestsLaunchTests.swift */ = {isa = PBXFileReference; lastKnownFileType = sourcecode.swift; path = MovieRamaUITestsLaunchTests.swift; sourceTree = "<group>"; };
		CD23A9FC286347B4001024EE /* .swiftlint.yml */ = {isa = PBXFileReference; fileEncoding = 4; lastKnownFileType = text.yaml; path = .swiftlint.yml; sourceTree = "<group>"; };
		CD23AA032863485E001024EE /* HTTPClient.swift */ = {isa = PBXFileReference; lastKnownFileType = sourcecode.swift; path = HTTPClient.swift; sourceTree = "<group>"; };
		CD23AA052863486B001024EE /* UIColor+Extension.swift */ = {isa = PBXFileReference; lastKnownFileType = sourcecode.swift; path = "UIColor+Extension.swift"; sourceTree = "<group>"; };
		CD23AA0928635061001024EE /* TabBarViewController.swift */ = {isa = PBXFileReference; lastKnownFileType = sourcecode.swift; path = TabBarViewController.swift; sourceTree = "<group>"; };
		CD23AA0C28635F1B001024EE /* PopularMoviesViewController.swift */ = {isa = PBXFileReference; lastKnownFileType = sourcecode.swift; path = PopularMoviesViewController.swift; sourceTree = "<group>"; };
		CD23AA11286368EE001024EE /* PopularMoviesViewModel.swift */ = {isa = PBXFileReference; lastKnownFileType = sourcecode.swift; path = PopularMoviesViewModel.swift; sourceTree = "<group>"; };
		CD23AA13286368F9001024EE /* PopularMoviesService.swift */ = {isa = PBXFileReference; lastKnownFileType = sourcecode.swift; path = PopularMoviesService.swift; sourceTree = "<group>"; };
		CD23AA1628636D4A001024EE /* NetworkError.swift */ = {isa = PBXFileReference; lastKnownFileType = sourcecode.swift; path = NetworkError.swift; sourceTree = "<group>"; };
		CD23AA1828636D59001024EE /* URLSessionNetwork.swift */ = {isa = PBXFileReference; lastKnownFileType = sourcecode.swift; path = URLSessionNetwork.swift; sourceTree = "<group>"; };
		CD23AA1A28636D63001024EE /* Router.swift */ = {isa = PBXFileReference; lastKnownFileType = sourcecode.swift; path = Router.swift; sourceTree = "<group>"; };
		CD23AA2028638B95001024EE /* Foundation+Extension.swift */ = {isa = PBXFileReference; lastKnownFileType = sourcecode.swift; path = "Foundation+Extension.swift"; sourceTree = "<group>"; };
		CD23AA2228638BC0001024EE /* Publisher+Extension.swift */ = {isa = PBXFileReference; lastKnownFileType = sourcecode.swift; path = "Publisher+Extension.swift"; sourceTree = "<group>"; };
		CD23AA2428638C04001024EE /* BaseViewController.swift */ = {isa = PBXFileReference; lastKnownFileType = sourcecode.swift; path = BaseViewController.swift; sourceTree = "<group>"; };
		CD23AA28286390E9001024EE /* APIResponsePopularMovies.swift */ = {isa = PBXFileReference; lastKnownFileType = sourcecode.swift; path = APIResponsePopularMovies.swift; sourceTree = "<group>"; };
		CD33732D286AF77500CFA0EA /* SearchView.swift */ = {isa = PBXFileReference; lastKnownFileType = sourcecode.swift; path = SearchView.swift; sourceTree = "<group>"; };
		CD33732F286AF9CE00CFA0EA /* Combine+UITextField.swift */ = {isa = PBXFileReference; lastKnownFileType = sourcecode.swift; path = "Combine+UITextField.swift"; sourceTree = "<group>"; };
		CD337332286B03E700CFA0EA /* APIResponseSearch.swift */ = {isa = PBXFileReference; lastKnownFileType = sourcecode.swift; path = APIResponseSearch.swift; sourceTree = "<group>"; };
		CD4E747528645C3F0054220B /* Layout+View.swift */ = {isa = PBXFileReference; lastKnownFileType = sourcecode.swift; path = "Layout+View.swift"; sourceTree = "<group>"; };
		CD4E747A28645D930054220B /* UIView+Extension.swift */ = {isa = PBXFileReference; lastKnownFileType = sourcecode.swift; path = "UIView+Extension.swift"; sourceTree = "<group>"; };
		CD4E747D286460D40054220B /* MovieDataModel.swift */ = {isa = PBXFileReference; lastKnownFileType = sourcecode.swift; path = MovieDataModel.swift; sourceTree = "<group>"; };
		CD4E74812864702E0054220B /* MovieTableViewCell.swift */ = {isa = PBXFileReference; lastKnownFileType = sourcecode.swift; path = MovieTableViewCell.swift; sourceTree = "<group>"; };
		CD4E7484286472E30054220B /* BaseTableView.swift */ = {isa = PBXFileReference; lastKnownFileType = sourcecode.swift; path = BaseTableView.swift; sourceTree = "<group>"; };
		CD4E74872864849B0054220B /* Pagination.swift */ = {isa = PBXFileReference; lastKnownFileType = sourcecode.swift; path = Pagination.swift; sourceTree = "<group>"; };
		CD4E748B2865C3250054220B /* ImageSession+UIImageView.swift */ = {isa = PBXFileReference; lastKnownFileType = sourcecode.swift; path = "ImageSession+UIImageView.swift"; sourceTree = "<group>"; };
		CD4E748D2865C3790054220B /* CacheMethod.swift */ = {isa = PBXFileReference; lastKnownFileType = sourcecode.swift; path = CacheMethod.swift; sourceTree = "<group>"; };
		CD4E748F2865C3BB0054220B /* ImageCache.swift */ = {isa = PBXFileReference; lastKnownFileType = sourcecode.swift; path = ImageCache.swift; sourceTree = "<group>"; };
		CD4E74922865CE0A0054220B /* Jura-Medium.ttf */ = {isa = PBXFileReference; lastKnownFileType = file; path = "Jura-Medium.ttf"; sourceTree = "<group>"; };
		CD4E74932865CE0A0054220B /* Jura-SemiBold.ttf */ = {isa = PBXFileReference; lastKnownFileType = file; path = "Jura-SemiBold.ttf"; sourceTree = "<group>"; };
		CD4E74962865CE410054220B /* AppFonts.swift */ = {isa = PBXFileReference; lastKnownFileType = sourcecode.swift; path = AppFonts.swift; sourceTree = "<group>"; };
		CD4E74992865CEBA0054220B /* String+Style.swift */ = {isa = PBXFileReference; lastKnownFileType = sourcecode.swift; path = "String+Style.swift"; sourceTree = "<group>"; };
		CD4E749C2865E95E0054220B /* BaseNavigationController.swift */ = {isa = PBXFileReference; lastKnownFileType = sourcecode.swift; path = BaseNavigationController.swift; sourceTree = "<group>"; };
		CD4E749E2865EB870054220B /* UIViewController+Extension.swift */ = {isa = PBXFileReference; lastKnownFileType = sourcecode.swift; path = "UIViewController+Extension.swift"; sourceTree = "<group>"; };
		CD4E74A12865EBD80054220B /* MovieDetailsViewController.swift */ = {isa = PBXFileReference; lastKnownFileType = sourcecode.swift; path = MovieDetailsViewController.swift; sourceTree = "<group>"; };
		CD4E74A32865EE330054220B /* MovieDetailsViewModel.swift */ = {isa = PBXFileReference; lastKnownFileType = sourcecode.swift; path = MovieDetailsViewModel.swift; sourceTree = "<group>"; };
		CD4E74A62866F49C0054220B /* APIResponseMovieDetails.swift */ = {isa = PBXFileReference; lastKnownFileType = sourcecode.swift; path = APIResponseMovieDetails.swift; sourceTree = "<group>"; };
		CD4E74A82866F8120054220B /* MovieDetailsService.swift */ = {isa = PBXFileReference; lastKnownFileType = sourcecode.swift; path = MovieDetailsService.swift; sourceTree = "<group>"; };
		CD4E74AB2866FAC10054220B /* MovieDetailsDataModel.swift */ = {isa = PBXFileReference; lastKnownFileType = sourcecode.swift; path = MovieDetailsDataModel.swift; sourceTree = "<group>"; };
		CD4E74AE286706950054220B /* CastCollectionView.swift */ = {isa = PBXFileReference; lastKnownFileType = sourcecode.swift; path = CastCollectionView.swift; sourceTree = "<group>"; };
		CD4E74B1286706B20054220B /* CastCollectionViewCell.swift */ = {isa = PBXFileReference; lastKnownFileType = sourcecode.swift; path = CastCollectionViewCell.swift; sourceTree = "<group>"; };
		CD4E74B4286711080054220B /* APIResponseSimilarMovies.swift */ = {isa = PBXFileReference; lastKnownFileType = sourcecode.swift; path = APIResponseSimilarMovies.swift; sourceTree = "<group>"; };
		CD4E74B7286714C10054220B /* APIResponseReviews.swift */ = {isa = PBXFileReference; lastKnownFileType = sourcecode.swift; path = APIResponseReviews.swift; sourceTree = "<group>"; };
		CDB0BF75286998B900DF514D /* SimilarMoviesCollectionView.swift */ = {isa = PBXFileReference; lastKnownFileType = sourcecode.swift; path = SimilarMoviesCollectionView.swift; sourceTree = "<group>"; };
		CDB0BF78286998D200DF514D /* SimilarMoviesCollectionViewCell.swift */ = {isa = PBXFileReference; lastKnownFileType = sourcecode.swift; path = SimilarMoviesCollectionViewCell.swift; sourceTree = "<group>"; };
		CDB0BF7B28699A7400DF514D /* DirectorView.swift */ = {isa = PBXFileReference; lastKnownFileType = sourcecode.swift; path = DirectorView.swift; sourceTree = "<group>"; };
		CDB0BF7E2869A04B00DF514D /* DataContext.swift */ = {isa = PBXFileReference; lastKnownFileType = sourcecode.swift; path = DataContext.swift; sourceTree = "<group>"; };
		CDB0BF802869A36000DF514D /* Combine+UIControl.swift */ = {isa = PBXFileReference; lastKnownFileType = sourcecode.swift; path = "Combine+UIControl.swift"; sourceTree = "<group>"; };
		CDD1443A286A241C00F2BD0F /* CircularProgress.swift */ = {isa = PBXFileReference; lastKnownFileType = sourcecode.swift; path = CircularProgress.swift; sourceTree = "<group>"; };
		CDD14440286A2A0000F2BD0F /* FavoritesViewController.swift */ = {isa = PBXFileReference; lastKnownFileType = sourcecode.swift; path = FavoritesViewController.swift; sourceTree = "<group>"; };
		CDD14442286A2A5B00F2BD0F /* FavoritesViewModel.swift */ = {isa = PBXFileReference; lastKnownFileType = sourcecode.swift; path = FavoritesViewModel.swift; sourceTree = "<group>"; };
		CE294C449F843BB8C3F1AD7E /* Pods-MovieRamaTests.release.xcconfig */ = {isa = PBXFileReference; includeInIndex = 1; lastKnownFileType = text.xcconfig; name = "Pods-MovieRamaTests.release.xcconfig"; path = "Target Support Files/Pods-MovieRamaTests/Pods-MovieRamaTests.release.xcconfig"; sourceTree = "<group>"; };
		D157D1D3FBCC8EA6A7BC900D /* Pods_MovieRamaTests.framework */ = {isa = PBXFileReference; explicitFileType = wrapper.framework; includeInIndex = 0; path = Pods_MovieRamaTests.framework; sourceTree = BUILT_PRODUCTS_DIR; };
		DB5648FD54D1B58ED8839186 /* Pods-MovieRamaTests.debug.xcconfig */ = {isa = PBXFileReference; includeInIndex = 1; lastKnownFileType = text.xcconfig; name = "Pods-MovieRamaTests.debug.xcconfig"; path = "Target Support Files/Pods-MovieRamaTests/Pods-MovieRamaTests.debug.xcconfig"; sourceTree = "<group>"; };
		E7EB5503FE600F8ECF49CF93 /* Pods_MovieRama.framework */ = {isa = PBXFileReference; explicitFileType = wrapper.framework; includeInIndex = 0; path = Pods_MovieRama.framework; sourceTree = BUILT_PRODUCTS_DIR; };
		FB81F00F78D3CA03377C369E /* Pods-MovieRama.debug.xcconfig */ = {isa = PBXFileReference; includeInIndex = 1; lastKnownFileType = text.xcconfig; name = "Pods-MovieRama.debug.xcconfig"; path = "Target Support Files/Pods-MovieRama/Pods-MovieRama.debug.xcconfig"; sourceTree = "<group>"; };
/* End PBXFileReference section */

/* Begin PBXFrameworksBuildPhase section */
		CD23A9C528634473001024EE /* Frameworks */ = {
			isa = PBXFrameworksBuildPhase;
			buildActionMask = 2147483647;
			files = (
				278219497BFF3BE845D11F6F /* Pods_MovieRama.framework in Frameworks */,
			);
			runOnlyForDeploymentPostprocessing = 0;
		};
		CD23A9DB28634474001024EE /* Frameworks */ = {
			isa = PBXFrameworksBuildPhase;
			buildActionMask = 2147483647;
			files = (
				12C503D61A1518B024E0F8B6 /* Pods_MovieRamaTests.framework in Frameworks */,
			);
			runOnlyForDeploymentPostprocessing = 0;
		};
		CD23A9E528634474001024EE /* Frameworks */ = {
			isa = PBXFrameworksBuildPhase;
			buildActionMask = 2147483647;
			files = (
				25997BF74C0C1E379A4F87AF /* Pods_MovieRama_MovieRamaUITests.framework in Frameworks */,
			);
			runOnlyForDeploymentPostprocessing = 0;
		};
/* End PBXFrameworksBuildPhase section */

/* Begin PBXGroup section */
		CD23A9BF28634473001024EE = {
			isa = PBXGroup;
			children = (
				CD23A9FC286347B4001024EE /* .swiftlint.yml */,
				CD23A9CA28634473001024EE /* MovieRama */,
				CD23A9E128634474001024EE /* MovieRamaTests */,
				CD23A9EB28634474001024EE /* MovieRamaUITests */,
				CD23A9C928634473001024EE /* Products */,
				D2006D11167774FD534AE3BF /* Pods */,
				D4C5F5DE60A1FD5E665E19F5 /* Frameworks */,
			);
			sourceTree = "<group>";
		};
		CD23A9C928634473001024EE /* Products */ = {
			isa = PBXGroup;
			children = (
				CD23A9C828634473001024EE /* MovieRama.app */,
				CD23A9DE28634474001024EE /* MovieRamaTests.xctest */,
				CD23A9E828634474001024EE /* MovieRamaUITests.xctest */,
			);
			name = Products;
			sourceTree = "<group>";
		};
		CD23A9CA28634473001024EE /* MovieRama */ = {
			isa = PBXGroup;
			children = (
				CD23A9FE286347E8001024EE /* AppDelegate */,
				CD23AA0228634819001024EE /* Core */,
				CD23AA0128634812001024EE /* Networking */,
				CD23AA002863480E001024EE /* UI */,
				CD23A9FF286347F7001024EE /* Supporting Files */,
			);
			path = MovieRama;
			sourceTree = "<group>";
		};
		CD23A9E128634474001024EE /* MovieRamaTests */ = {
			isa = PBXGroup;
			children = (
				CD23A9E228634474001024EE /* MovieRamaTests.swift */,
			);
			path = MovieRamaTests;
			sourceTree = "<group>";
		};
		CD23A9EB28634474001024EE /* MovieRamaUITests */ = {
			isa = PBXGroup;
			children = (
				CD23A9EC28634474001024EE /* MovieRamaUITests.swift */,
				CD23A9EE28634474001024EE /* MovieRamaUITestsLaunchTests.swift */,
			);
			path = MovieRamaUITests;
			sourceTree = "<group>";
		};
		CD23A9FE286347E8001024EE /* AppDelegate */ = {
			isa = PBXGroup;
			children = (
				CD23A9CB28634473001024EE /* AppDelegate.swift */,
				CD23A9CD28634473001024EE /* SceneDelegate.swift */,
			);
			path = AppDelegate;
			sourceTree = "<group>";
		};
		CD23A9FF286347F7001024EE /* Supporting Files */ = {
			isa = PBXGroup;
			children = (
				CD23A9D128634473001024EE /* Main.storyboard */,
				CD23A9D428634474001024EE /* Assets.xcassets */,
				CD23A9D628634474001024EE /* LaunchScreen.storyboard */,
				CD23A9D928634474001024EE /* Info.plist */,
			);
			path = "Supporting Files";
			sourceTree = "<group>";
		};
		CD23AA002863480E001024EE /* UI */ = {
			isa = PBXGroup;
			children = (
				CD4E749B2865E1F10054220B /* BaseNavigationController */,
				CD23AA0728634C46001024EE /* Root */,
				CD23AA0828635046001024EE /* TabBar */,
				CD23AA1E28638B55001024EE /* BaseViewController */,
				CD4E7480286470110054220B /* MovieTableViewCell */,
				CD4E747C286460C40054220B /* MovieDataModel */,
				CD23AA0B28635EF8001024EE /* PopularMovies */,
				CDD1443F286A29E900F2BD0F /* FavoritesViewController */,
				CD4E74A02865EBBC0054220B /* MovieDetails */,
			);
			path = UI;
			sourceTree = "<group>";
		};
		CD23AA0128634812001024EE /* Networking */ = {
			isa = PBXGroup;
			children = (
				CD23AA262863907E001024EE /* Codable */,
				CD23AA1528636D3B001024EE /* HTTPClient */,
			);
			path = Networking;
			sourceTree = "<group>";
		};
		CD23AA0228634819001024EE /* Core */ = {
			isa = PBXGroup;
			children = (
				CDB0BF7D2869A03600DF514D /* UserDefaults */,
				CD4E7483286472D60054220B /* Reuseable Views */,
				CD4E74982865CE900054220B /* Style */,
				CD4E74912865CDD80054220B /* Fonts */,
				CD4E74892865C2E80054220B /* ImageSession+UIImageView */,
				CD4E7486286484900054220B /* Pagination */,
				CD23AA1F28638B70001024EE /* Extensions */,
			);
			path = Core;
			sourceTree = "<group>";
		};
		CD23AA0728634C46001024EE /* Root */ = {
			isa = PBXGroup;
			children = (
				CD23A9CF28634473001024EE /* RootViewController.swift */,
			);
			path = Root;
			sourceTree = "<group>";
		};
		CD23AA0828635046001024EE /* TabBar */ = {
			isa = PBXGroup;
			children = (
				CD23AA0928635061001024EE /* TabBarViewController.swift */,
			);
			path = TabBar;
			sourceTree = "<group>";
		};
		CD23AA0B28635EF8001024EE /* PopularMovies */ = {
			isa = PBXGroup;
			children = (
				CD23AA0C28635F1B001024EE /* PopularMoviesViewController.swift */,
				CD23AA11286368EE001024EE /* PopularMoviesViewModel.swift */,
				CD23AA13286368F9001024EE /* PopularMoviesService.swift */,
			);
			path = PopularMovies;
			sourceTree = "<group>";
		};
		CD23AA1528636D3B001024EE /* HTTPClient */ = {
			isa = PBXGroup;
			children = (
				CD23AA032863485E001024EE /* HTTPClient.swift */,
				CD23AA1628636D4A001024EE /* NetworkError.swift */,
				CD23AA1828636D59001024EE /* URLSessionNetwork.swift */,
				CD23AA1A28636D63001024EE /* Router.swift */,
			);
			path = HTTPClient;
			sourceTree = "<group>";
		};
		CD23AA1C28638AEA001024EE /* Foundation+Extension */ = {
			isa = PBXGroup;
			children = (
				CD23AA2028638B95001024EE /* Foundation+Extension.swift */,
			);
			path = "Foundation+Extension";
			sourceTree = "<group>";
		};
		CD23AA1D28638B03001024EE /* Combine+Extension */ = {
			isa = PBXGroup;
			children = (
				CD23AA2228638BC0001024EE /* Publisher+Extension.swift */,
				CDB0BF802869A36000DF514D /* Combine+UIControl.swift */,
				CD33732F286AF9CE00CFA0EA /* Combine+UITextField.swift */,
			);
			path = "Combine+Extension";
			sourceTree = "<group>";
		};
		CD23AA1E28638B55001024EE /* BaseViewController */ = {
			isa = PBXGroup;
			children = (
				CD33732C286AF76400CFA0EA /* SearchView */,
				CD23AA2428638C04001024EE /* BaseViewController.swift */,
			);
			path = BaseViewController;
			sourceTree = "<group>";
		};
		CD23AA1F28638B70001024EE /* Extensions */ = {
			isa = PBXGroup;
			children = (
				CD4E747728645D470054220B /* UIKit+Extension */,
				CD23AA1C28638AEA001024EE /* Foundation+Extension */,
				CD23AA1D28638B03001024EE /* Combine+Extension */,
			);
			path = Extensions;
			sourceTree = "<group>";
		};
		CD23AA262863907E001024EE /* Codable */ = {
			isa = PBXGroup;
			children = (
				CD337331286B03D400CFA0EA /* Search */,
				CD4E74B6286714AA0054220B /* Reviews */,
				CD4E74B3286710ED0054220B /* SimilarMovies */,
				CD4E74A52866F4850054220B /* MovieDetails */,
				CD23AA2728639086001024EE /* Popular */,
			);
			path = Codable;
			sourceTree = "<group>";
		};
		CD23AA2728639086001024EE /* Popular */ = {
			isa = PBXGroup;
			children = (
				CD23AA28286390E9001024EE /* APIResponsePopularMovies.swift */,
			);
			path = Popular;
			sourceTree = "<group>";
		};
		CD33732C286AF76400CFA0EA /* SearchView */ = {
			isa = PBXGroup;
			children = (
				CD33732D286AF77500CFA0EA /* SearchView.swift */,
			);
			path = SearchView;
			sourceTree = "<group>";
		};
		CD337331286B03D400CFA0EA /* Search */ = {
			isa = PBXGroup;
			children = (
				CD337332286B03E700CFA0EA /* APIResponseSearch.swift */,
			);
			path = Search;
			sourceTree = "<group>";
		};
		CD4E747728645D470054220B /* UIKit+Extension */ = {
			isa = PBXGroup;
			children = (
				CD4E747528645C3F0054220B /* Layout+View.swift */,
				CD23AA052863486B001024EE /* UIColor+Extension.swift */,
				CD4E747A28645D930054220B /* UIView+Extension.swift */,
				CD4E749E2865EB870054220B /* UIViewController+Extension.swift */,
			);
			path = "UIKit+Extension";
			sourceTree = "<group>";
		};
		CD4E747C286460C40054220B /* MovieDataModel */ = {
			isa = PBXGroup;
			children = (
				CD4E747D286460D40054220B /* MovieDataModel.swift */,
			);
			path = MovieDataModel;
			sourceTree = "<group>";
		};
		CD4E7480286470110054220B /* MovieTableViewCell */ = {
			isa = PBXGroup;
			children = (
				CD4E74812864702E0054220B /* MovieTableViewCell.swift */,
			);
			path = MovieTableViewCell;
			sourceTree = "<group>";
		};
		CD4E7483286472D60054220B /* Reuseable Views */ = {
			isa = PBXGroup;
			children = (
				CD4E7484286472E30054220B /* BaseTableView.swift */,
				CDD1443A286A241C00F2BD0F /* CircularProgress.swift */,
			);
			path = "Reuseable Views";
			sourceTree = "<group>";
		};
		CD4E7486286484900054220B /* Pagination */ = {
			isa = PBXGroup;
			children = (
				CD4E74872864849B0054220B /* Pagination.swift */,
			);
			path = Pagination;
			sourceTree = "<group>";
		};
		CD4E74892865C2E80054220B /* ImageSession+UIImageView */ = {
			isa = PBXGroup;
			children = (
				CD4E748A2865C30E0054220B /* Cache */,
				CD4E748B2865C3250054220B /* ImageSession+UIImageView.swift */,
			);
			path = "ImageSession+UIImageView";
			sourceTree = "<group>";
		};
		CD4E748A2865C30E0054220B /* Cache */ = {
			isa = PBXGroup;
			children = (
				CD4E748D2865C3790054220B /* CacheMethod.swift */,
				CD4E748F2865C3BB0054220B /* ImageCache.swift */,
			);
			path = Cache;
			sourceTree = "<group>";
		};
		CD4E74912865CDD80054220B /* Fonts */ = {
			isa = PBXGroup;
			children = (
				CD4E74922865CE0A0054220B /* Jura-Medium.ttf */,
				CD4E74932865CE0A0054220B /* Jura-SemiBold.ttf */,
				CD4E74962865CE410054220B /* AppFonts.swift */,
			);
			path = Fonts;
			sourceTree = "<group>";
		};
		CD4E74982865CE900054220B /* Style */ = {
			isa = PBXGroup;
			children = (
				CD4E74992865CEBA0054220B /* String+Style.swift */,
			);
			path = Style;
			sourceTree = "<group>";
		};
		CD4E749B2865E1F10054220B /* BaseNavigationController */ = {
			isa = PBXGroup;
			children = (
				CD4E749C2865E95E0054220B /* BaseNavigationController.swift */,
			);
			path = BaseNavigationController;
			sourceTree = "<group>";
		};
		CD4E74A02865EBBC0054220B /* MovieDetails */ = {
			isa = PBXGroup;
			children = (
				CDB0BF7A28699A2800DF514D /* DirectorView */,
				CDB0BF742869988F00DF514D /* SimilarMoviesCollectionView */,
				CD4E74AD286706810054220B /* CastCollectionView */,
				CD4E74AA2866FAB00054220B /* Model */,
				CD4E74A12865EBD80054220B /* MovieDetailsViewController.swift */,
				CD4E74A32865EE330054220B /* MovieDetailsViewModel.swift */,
				CD4E74A82866F8120054220B /* MovieDetailsService.swift */,
			);
			path = MovieDetails;
			sourceTree = "<group>";
		};
		CD4E74A52866F4850054220B /* MovieDetails */ = {
			isa = PBXGroup;
			children = (
				CD4E74A62866F49C0054220B /* APIResponseMovieDetails.swift */,
			);
			path = MovieDetails;
			sourceTree = "<group>";
		};
		CD4E74AA2866FAB00054220B /* Model */ = {
			isa = PBXGroup;
			children = (
				CD4E74AB2866FAC10054220B /* MovieDetailsDataModel.swift */,
			);
			path = Model;
			sourceTree = "<group>";
		};
		CD4E74AD286706810054220B /* CastCollectionView */ = {
			isa = PBXGroup;
			children = (
				CD4E74B0286706A10054220B /* Cell */,
				CD4E74AE286706950054220B /* CastCollectionView.swift */,
			);
			path = CastCollectionView;
			sourceTree = "<group>";
		};
		CD4E74B0286706A10054220B /* Cell */ = {
			isa = PBXGroup;
			children = (
				CD4E74B1286706B20054220B /* CastCollectionViewCell.swift */,
			);
			path = Cell;
			sourceTree = "<group>";
		};
		CD4E74B3286710ED0054220B /* SimilarMovies */ = {
			isa = PBXGroup;
			children = (
				CD4E74B4286711080054220B /* APIResponseSimilarMovies.swift */,
			);
			path = SimilarMovies;
			sourceTree = "<group>";
		};
		CD4E74B6286714AA0054220B /* Reviews */ = {
			isa = PBXGroup;
			children = (
				CD4E74B7286714C10054220B /* APIResponseReviews.swift */,
			);
			path = Reviews;
			sourceTree = "<group>";
		};
		CDB0BF742869988F00DF514D /* SimilarMoviesCollectionView */ = {
			isa = PBXGroup;
			children = (
				CDB0BF77286998BC00DF514D /* Cell */,
				CDB0BF75286998B900DF514D /* SimilarMoviesCollectionView.swift */,
			);
			path = SimilarMoviesCollectionView;
			sourceTree = "<group>";
		};
		CDB0BF77286998BC00DF514D /* Cell */ = {
			isa = PBXGroup;
			children = (
				CDB0BF78286998D200DF514D /* SimilarMoviesCollectionViewCell.swift */,
			);
			path = Cell;
			sourceTree = "<group>";
		};
		CDB0BF7A28699A2800DF514D /* DirectorView */ = {
			isa = PBXGroup;
			children = (
				CDB0BF7B28699A7400DF514D /* DirectorView.swift */,
			);
			path = DirectorView;
			sourceTree = "<group>";
		};
		CDB0BF7D2869A03600DF514D /* UserDefaults */ = {
			isa = PBXGroup;
			children = (
				CDB0BF7E2869A04B00DF514D /* DataContext.swift */,
			);
			path = UserDefaults;
			sourceTree = "<group>";
		};
		CDD1443F286A29E900F2BD0F /* FavoritesViewController */ = {
			isa = PBXGroup;
			children = (
				CDD14440286A2A0000F2BD0F /* FavoritesViewController.swift */,
				CDD14442286A2A5B00F2BD0F /* FavoritesViewModel.swift */,
			);
			path = FavoritesViewController;
			sourceTree = "<group>";
		};
		D2006D11167774FD534AE3BF /* Pods */ = {
			isa = PBXGroup;
			children = (
				FB81F00F78D3CA03377C369E /* Pods-MovieRama.debug.xcconfig */,
				580D044A384BB6565DF7F3C0 /* Pods-MovieRama.release.xcconfig */,
				1E94D53AF80E78F9266B99C7 /* Pods-MovieRama-MovieRamaUITests.debug.xcconfig */,
				46DB65A7DDCFCB420400DD3C /* Pods-MovieRama-MovieRamaUITests.release.xcconfig */,
				DB5648FD54D1B58ED8839186 /* Pods-MovieRamaTests.debug.xcconfig */,
				CE294C449F843BB8C3F1AD7E /* Pods-MovieRamaTests.release.xcconfig */,
			);
			path = Pods;
			sourceTree = "<group>";
		};
		D4C5F5DE60A1FD5E665E19F5 /* Frameworks */ = {
			isa = PBXGroup;
			children = (
				E7EB5503FE600F8ECF49CF93 /* Pods_MovieRama.framework */,
				2FAD0684E74A6C918D10CEAD /* Pods_MovieRama_MovieRamaUITests.framework */,
				D157D1D3FBCC8EA6A7BC900D /* Pods_MovieRamaTests.framework */,
			);
			name = Frameworks;
			sourceTree = "<group>";
		};
/* End PBXGroup section */

/* Begin PBXNativeTarget section */
		CD23A9C728634473001024EE /* MovieRama */ = {
			isa = PBXNativeTarget;
			buildConfigurationList = CD23A9F228634474001024EE /* Build configuration list for PBXNativeTarget "MovieRama" */;
			buildPhases = (
				E15549C768AB0C2162A332BC /* [CP] Check Pods Manifest.lock */,
				CD23A9C428634473001024EE /* Sources */,
				CD23A9C528634473001024EE /* Frameworks */,
				CD23A9C628634473001024EE /* Resources */,
				CD23A9FB28634752001024EE /* SwiftLint */,
			);
			buildRules = (
			);
			dependencies = (
			);
			name = MovieRama;
			productName = MovieRama;
			productReference = CD23A9C828634473001024EE /* MovieRama.app */;
			productType = "com.apple.product-type.application";
		};
		CD23A9DD28634474001024EE /* MovieRamaTests */ = {
			isa = PBXNativeTarget;
			buildConfigurationList = CD23A9F528634474001024EE /* Build configuration list for PBXNativeTarget "MovieRamaTests" */;
			buildPhases = (
				18AB7FC25C7BC1D481D8ED84 /* [CP] Check Pods Manifest.lock */,
				CD23A9DA28634474001024EE /* Sources */,
				CD23A9DB28634474001024EE /* Frameworks */,
				CD23A9DC28634474001024EE /* Resources */,
			);
			buildRules = (
			);
			dependencies = (
				CD23A9E028634474001024EE /* PBXTargetDependency */,
			);
			name = MovieRamaTests;
			productName = MovieRamaTests;
			productReference = CD23A9DE28634474001024EE /* MovieRamaTests.xctest */;
			productType = "com.apple.product-type.bundle.unit-test";
		};
		CD23A9E728634474001024EE /* MovieRamaUITests */ = {
			isa = PBXNativeTarget;
			buildConfigurationList = CD23A9F828634474001024EE /* Build configuration list for PBXNativeTarget "MovieRamaUITests" */;
			buildPhases = (
				82153CAF35DE03ACA24851B0 /* [CP] Check Pods Manifest.lock */,
				CD23A9E428634474001024EE /* Sources */,
				CD23A9E528634474001024EE /* Frameworks */,
				CD23A9E628634474001024EE /* Resources */,
			);
			buildRules = (
			);
			dependencies = (
				CD23A9EA28634474001024EE /* PBXTargetDependency */,
			);
			name = MovieRamaUITests;
			productName = MovieRamaUITests;
			productReference = CD23A9E828634474001024EE /* MovieRamaUITests.xctest */;
			productType = "com.apple.product-type.bundle.ui-testing";
		};
/* End PBXNativeTarget section */

/* Begin PBXProject section */
		CD23A9C028634473001024EE /* Project object */ = {
			isa = PBXProject;
			attributes = {
				BuildIndependentTargetsInParallel = 1;
				LastSwiftUpdateCheck = 1340;
				LastUpgradeCheck = 1340;
				ORGANIZATIONNAME = "Panagiotis Mourgias";
				TargetAttributes = {
					CD23A9C728634473001024EE = {
						CreatedOnToolsVersion = 13.4.1;
					};
					CD23A9DD28634474001024EE = {
						CreatedOnToolsVersion = 13.4.1;
						TestTargetID = CD23A9C728634473001024EE;
					};
					CD23A9E728634474001024EE = {
						CreatedOnToolsVersion = 13.4.1;
						TestTargetID = CD23A9C728634473001024EE;
					};
				};
			};
			buildConfigurationList = CD23A9C328634473001024EE /* Build configuration list for PBXProject "MovieRama" */;
			compatibilityVersion = "Xcode 13.0";
			developmentRegion = en;
			hasScannedForEncodings = 0;
			knownRegions = (
				en,
				Base,
			);
			mainGroup = CD23A9BF28634473001024EE;
			productRefGroup = CD23A9C928634473001024EE /* Products */;
			projectDirPath = "";
			projectRoot = "";
			targets = (
				CD23A9C728634473001024EE /* MovieRama */,
				CD23A9DD28634474001024EE /* MovieRamaTests */,
				CD23A9E728634474001024EE /* MovieRamaUITests */,
			);
		};
/* End PBXProject section */

/* Begin PBXResourcesBuildPhase section */
		CD23A9C628634473001024EE /* Resources */ = {
			isa = PBXResourcesBuildPhase;
			buildActionMask = 2147483647;
			files = (
				CD23A9FD286347B4001024EE /* .swiftlint.yml in Resources */,
				CD4E74942865CE0A0054220B /* Jura-Medium.ttf in Resources */,
				CD23A9D828634474001024EE /* LaunchScreen.storyboard in Resources */,
				CD23A9D528634474001024EE /* Assets.xcassets in Resources */,
				CD23A9D328634473001024EE /* Main.storyboard in Resources */,
				CD4E74952865CE0A0054220B /* Jura-SemiBold.ttf in Resources */,
			);
			runOnlyForDeploymentPostprocessing = 0;
		};
		CD23A9DC28634474001024EE /* Resources */ = {
			isa = PBXResourcesBuildPhase;
			buildActionMask = 2147483647;
			files = (
			);
			runOnlyForDeploymentPostprocessing = 0;
		};
		CD23A9E628634474001024EE /* Resources */ = {
			isa = PBXResourcesBuildPhase;
			buildActionMask = 2147483647;
			files = (
			);
			runOnlyForDeploymentPostprocessing = 0;
		};
/* End PBXResourcesBuildPhase section */

/* Begin PBXShellScriptBuildPhase section */
		18AB7FC25C7BC1D481D8ED84 /* [CP] Check Pods Manifest.lock */ = {
			isa = PBXShellScriptBuildPhase;
			buildActionMask = 2147483647;
			files = (
			);
			inputFileListPaths = (
			);
			inputPaths = (
				"${PODS_PODFILE_DIR_PATH}/Podfile.lock",
				"${PODS_ROOT}/Manifest.lock",
			);
			name = "[CP] Check Pods Manifest.lock";
			outputFileListPaths = (
			);
			outputPaths = (
				"$(DERIVED_FILE_DIR)/Pods-MovieRamaTests-checkManifestLockResult.txt",
			);
			runOnlyForDeploymentPostprocessing = 0;
			shellPath = /bin/sh;
			shellScript = "diff \"${PODS_PODFILE_DIR_PATH}/Podfile.lock\" \"${PODS_ROOT}/Manifest.lock\" > /dev/null\nif [ $? != 0 ] ; then\n    # print error to STDERR\n    echo \"error: The sandbox is not in sync with the Podfile.lock. Run 'pod install' or update your CocoaPods installation.\" >&2\n    exit 1\nfi\n# This output is used by Xcode 'outputs' to avoid re-running this script phase.\necho \"SUCCESS\" > \"${SCRIPT_OUTPUT_FILE_0}\"\n";
			showEnvVarsInLog = 0;
		};
		82153CAF35DE03ACA24851B0 /* [CP] Check Pods Manifest.lock */ = {
			isa = PBXShellScriptBuildPhase;
			buildActionMask = 2147483647;
			files = (
			);
			inputFileListPaths = (
			);
			inputPaths = (
				"${PODS_PODFILE_DIR_PATH}/Podfile.lock",
				"${PODS_ROOT}/Manifest.lock",
			);
			name = "[CP] Check Pods Manifest.lock";
			outputFileListPaths = (
			);
			outputPaths = (
				"$(DERIVED_FILE_DIR)/Pods-MovieRama-MovieRamaUITests-checkManifestLockResult.txt",
			);
			runOnlyForDeploymentPostprocessing = 0;
			shellPath = /bin/sh;
			shellScript = "diff \"${PODS_PODFILE_DIR_PATH}/Podfile.lock\" \"${PODS_ROOT}/Manifest.lock\" > /dev/null\nif [ $? != 0 ] ; then\n    # print error to STDERR\n    echo \"error: The sandbox is not in sync with the Podfile.lock. Run 'pod install' or update your CocoaPods installation.\" >&2\n    exit 1\nfi\n# This output is used by Xcode 'outputs' to avoid re-running this script phase.\necho \"SUCCESS\" > \"${SCRIPT_OUTPUT_FILE_0}\"\n";
			showEnvVarsInLog = 0;
		};
		CD23A9FB28634752001024EE /* SwiftLint */ = {
			isa = PBXShellScriptBuildPhase;
			buildActionMask = 2147483647;
			files = (
			);
			inputFileListPaths = (
			);
			inputPaths = (
			);
			name = SwiftLint;
			outputFileListPaths = (
			);
			outputPaths = (
			);
			runOnlyForDeploymentPostprocessing = 0;
			shellPath = /bin/sh;
			shellScript = "if which swiftlint >/dev/null; then\n    swiftlint --fix && swiftlint\nelse\n  echo \"warning: SwiftLint not installed, download from https://github.com/realm/SwiftLint\"\nfi\n";
		};
		E15549C768AB0C2162A332BC /* [CP] Check Pods Manifest.lock */ = {
			isa = PBXShellScriptBuildPhase;
			buildActionMask = 2147483647;
			files = (
			);
			inputFileListPaths = (
			);
			inputPaths = (
				"${PODS_PODFILE_DIR_PATH}/Podfile.lock",
				"${PODS_ROOT}/Manifest.lock",
			);
			name = "[CP] Check Pods Manifest.lock";
			outputFileListPaths = (
			);
			outputPaths = (
				"$(DERIVED_FILE_DIR)/Pods-MovieRama-checkManifestLockResult.txt",
			);
			runOnlyForDeploymentPostprocessing = 0;
			shellPath = /bin/sh;
			shellScript = "diff \"${PODS_PODFILE_DIR_PATH}/Podfile.lock\" \"${PODS_ROOT}/Manifest.lock\" > /dev/null\nif [ $? != 0 ] ; then\n    # print error to STDERR\n    echo \"error: The sandbox is not in sync with the Podfile.lock. Run 'pod install' or update your CocoaPods installation.\" >&2\n    exit 1\nfi\n# This output is used by Xcode 'outputs' to avoid re-running this script phase.\necho \"SUCCESS\" > \"${SCRIPT_OUTPUT_FILE_0}\"\n";
			showEnvVarsInLog = 0;
		};
/* End PBXShellScriptBuildPhase section */

/* Begin PBXSourcesBuildPhase section */
		CD23A9C428634473001024EE /* Sources */ = {
			isa = PBXSourcesBuildPhase;
			buildActionMask = 2147483647;
			files = (
				CD4E74A92866F8120054220B /* MovieDetailsService.swift in Sources */,
				CD4E747E286460D40054220B /* MovieDataModel.swift in Sources */,
				CD4E7485286472E30054220B /* BaseTableView.swift in Sources */,
				CD337330286AF9CE00CFA0EA /* Combine+UITextField.swift in Sources */,
				CD337333286B03E700CFA0EA /* APIResponseSearch.swift in Sources */,
				CD4E74A42865EE330054220B /* MovieDetailsViewModel.swift in Sources */,
				CD23AA14286368F9001024EE /* PopularMoviesService.swift in Sources */,
				CD23A9D028634473001024EE /* RootViewController.swift in Sources */,
				CD4E749F2865EB870054220B /* UIViewController+Extension.swift in Sources */,
				CDB0BF7F2869A04B00DF514D /* DataContext.swift in Sources */,
				CDB0BF7C28699A7400DF514D /* DirectorView.swift in Sources */,
				CD23AA2328638BC0001024EE /* Publisher+Extension.swift in Sources */,
				CD4E74B5286711080054220B /* APIResponseSimilarMovies.swift in Sources */,
				CD4E74A72866F49C0054220B /* APIResponseMovieDetails.swift in Sources */,
				CD23A9CC28634473001024EE /* AppDelegate.swift in Sources */,
				CD4E74B8286714C10054220B /* APIResponseReviews.swift in Sources */,
				CD23AA2128638B95001024EE /* Foundation+Extension.swift in Sources */,
				CD4E74882864849B0054220B /* Pagination.swift in Sources */,
				CD4E749D2865E95E0054220B /* BaseNavigationController.swift in Sources */,
				CD23AA2528638C04001024EE /* BaseViewController.swift in Sources */,
				CD23AA0D28635F1B001024EE /* PopularMoviesViewController.swift in Sources */,
				CD33732E286AF77500CFA0EA /* SearchView.swift in Sources */,
				CDD14441286A2A0000F2BD0F /* FavoritesViewController.swift in Sources */,
				CD4E74902865C3BB0054220B /* ImageCache.swift in Sources */,
				CD23AA1B28636D63001024EE /* Router.swift in Sources */,
				CD4E74AF286706950054220B /* CastCollectionView.swift in Sources */,
				CD4E748C2865C3250054220B /* ImageSession+UIImageView.swift in Sources */,
				CD23AA29286390E9001024EE /* APIResponsePopularMovies.swift in Sources */,
				CD4E74822864702E0054220B /* MovieTableViewCell.swift in Sources */,
				CD23AA042863485E001024EE /* HTTPClient.swift in Sources */,
				CD23AA1928636D59001024EE /* URLSessionNetwork.swift in Sources */,
				CD23A9CE28634473001024EE /* SceneDelegate.swift in Sources */,
				CD4E74A22865EBD80054220B /* MovieDetailsViewController.swift in Sources */,
				CD4E748E2865C3790054220B /* CacheMethod.swift in Sources */,
				CD23AA0A28635061001024EE /* TabBarViewController.swift in Sources */,
				CD23AA062863486B001024EE /* UIColor+Extension.swift in Sources */,
				CDB0BF76286998B900DF514D /* SimilarMoviesCollectionView.swift in Sources */,
				CD23AA12286368EE001024EE /* PopularMoviesViewModel.swift in Sources */,
				CD4E74972865CE410054220B /* AppFonts.swift in Sources */,
				CDD14443286A2A5B00F2BD0F /* FavoritesViewModel.swift in Sources */,
				CD23AA1728636D4A001024EE /* NetworkError.swift in Sources */,
				CD4E747B28645D930054220B /* UIView+Extension.swift in Sources */,
				CDB0BF79286998D200DF514D /* SimilarMoviesCollectionViewCell.swift in Sources */,
				CD4E749A2865CEBA0054220B /* String+Style.swift in Sources */,
				CD4E74B2286706B20054220B /* CastCollectionViewCell.swift in Sources */,
				CDB0BF812869A36000DF514D /* Combine+UIControl.swift in Sources */,
				CD4E747628645C3F0054220B /* Layout+View.swift in Sources */,
				CD4E74AC2866FAC10054220B /* MovieDetailsDataModel.swift in Sources */,
				CDD1443B286A241C00F2BD0F /* CircularProgress.swift in Sources */,
			);
			runOnlyForDeploymentPostprocessing = 0;
		};
		CD23A9DA28634474001024EE /* Sources */ = {
			isa = PBXSourcesBuildPhase;
			buildActionMask = 2147483647;
			files = (
				CD23A9E328634474001024EE /* MovieRamaTests.swift in Sources */,
			);
			runOnlyForDeploymentPostprocessing = 0;
		};
		CD23A9E428634474001024EE /* Sources */ = {
			isa = PBXSourcesBuildPhase;
			buildActionMask = 2147483647;
			files = (
				CD23A9EF28634474001024EE /* MovieRamaUITestsLaunchTests.swift in Sources */,
				CD23A9ED28634474001024EE /* MovieRamaUITests.swift in Sources */,
			);
			runOnlyForDeploymentPostprocessing = 0;
		};
/* End PBXSourcesBuildPhase section */

/* Begin PBXTargetDependency section */
		CD23A9E028634474001024EE /* PBXTargetDependency */ = {
			isa = PBXTargetDependency;
			target = CD23A9C728634473001024EE /* MovieRama */;
			targetProxy = CD23A9DF28634474001024EE /* PBXContainerItemProxy */;
		};
		CD23A9EA28634474001024EE /* PBXTargetDependency */ = {
			isa = PBXTargetDependency;
			target = CD23A9C728634473001024EE /* MovieRama */;
			targetProxy = CD23A9E928634474001024EE /* PBXContainerItemProxy */;
		};
/* End PBXTargetDependency section */

/* Begin PBXVariantGroup section */
		CD23A9D128634473001024EE /* Main.storyboard */ = {
			isa = PBXVariantGroup;
			children = (
				CD23A9D228634473001024EE /* Base */,
			);
			name = Main.storyboard;
			sourceTree = "<group>";
		};
		CD23A9D628634474001024EE /* LaunchScreen.storyboard */ = {
			isa = PBXVariantGroup;
			children = (
				CD23A9D728634474001024EE /* Base */,
			);
			name = LaunchScreen.storyboard;
			sourceTree = "<group>";
		};
/* End PBXVariantGroup section */

/* Begin XCBuildConfiguration section */
		CD23A9F028634474001024EE /* Debug */ = {
			isa = XCBuildConfiguration;
			buildSettings = {
				ALWAYS_SEARCH_USER_PATHS = NO;
				CLANG_ANALYZER_NONNULL = YES;
				CLANG_ANALYZER_NUMBER_OBJECT_CONVERSION = YES_AGGRESSIVE;
				CLANG_CXX_LANGUAGE_STANDARD = "gnu++17";
				CLANG_ENABLE_MODULES = YES;
				CLANG_ENABLE_OBJC_ARC = YES;
				CLANG_ENABLE_OBJC_WEAK = YES;
				CLANG_WARN_BLOCK_CAPTURE_AUTORELEASING = YES;
				CLANG_WARN_BOOL_CONVERSION = YES;
				CLANG_WARN_COMMA = YES;
				CLANG_WARN_CONSTANT_CONVERSION = YES;
				CLANG_WARN_DEPRECATED_OBJC_IMPLEMENTATIONS = YES;
				CLANG_WARN_DIRECT_OBJC_ISA_USAGE = YES_ERROR;
				CLANG_WARN_DOCUMENTATION_COMMENTS = YES;
				CLANG_WARN_EMPTY_BODY = YES;
				CLANG_WARN_ENUM_CONVERSION = YES;
				CLANG_WARN_INFINITE_RECURSION = YES;
				CLANG_WARN_INT_CONVERSION = YES;
				CLANG_WARN_NON_LITERAL_NULL_CONVERSION = YES;
				CLANG_WARN_OBJC_IMPLICIT_RETAIN_SELF = YES;
				CLANG_WARN_OBJC_LITERAL_CONVERSION = YES;
				CLANG_WARN_OBJC_ROOT_CLASS = YES_ERROR;
				CLANG_WARN_QUOTED_INCLUDE_IN_FRAMEWORK_HEADER = YES;
				CLANG_WARN_RANGE_LOOP_ANALYSIS = YES;
				CLANG_WARN_STRICT_PROTOTYPES = YES;
				CLANG_WARN_SUSPICIOUS_MOVE = YES;
				CLANG_WARN_UNGUARDED_AVAILABILITY = YES_AGGRESSIVE;
				CLANG_WARN_UNREACHABLE_CODE = YES;
				CLANG_WARN__DUPLICATE_METHOD_MATCH = YES;
				COPY_PHASE_STRIP = NO;
				DEBUG_INFORMATION_FORMAT = dwarf;
				ENABLE_STRICT_OBJC_MSGSEND = YES;
				ENABLE_TESTABILITY = YES;
				GCC_C_LANGUAGE_STANDARD = gnu11;
				GCC_DYNAMIC_NO_PIC = NO;
				GCC_NO_COMMON_BLOCKS = YES;
				GCC_OPTIMIZATION_LEVEL = 0;
				GCC_PREPROCESSOR_DEFINITIONS = (
					"DEBUG=1",
					"$(inherited)",
				);
				GCC_WARN_64_TO_32_BIT_CONVERSION = YES;
				GCC_WARN_ABOUT_RETURN_TYPE = YES_ERROR;
				GCC_WARN_UNDECLARED_SELECTOR = YES;
				GCC_WARN_UNINITIALIZED_AUTOS = YES_AGGRESSIVE;
				GCC_WARN_UNUSED_FUNCTION = YES;
				GCC_WARN_UNUSED_VARIABLE = YES;
				IPHONEOS_DEPLOYMENT_TARGET = 13.0;
				MTL_ENABLE_DEBUG_INFO = INCLUDE_SOURCE;
				MTL_FAST_MATH = YES;
				ONLY_ACTIVE_ARCH = YES;
				SDKROOT = iphoneos;
				SWIFT_ACTIVE_COMPILATION_CONDITIONS = DEBUG;
				SWIFT_OPTIMIZATION_LEVEL = "-Onone";
			};
			name = Debug;
		};
		CD23A9F128634474001024EE /* Release */ = {
			isa = XCBuildConfiguration;
			buildSettings = {
				ALWAYS_SEARCH_USER_PATHS = NO;
				CLANG_ANALYZER_NONNULL = YES;
				CLANG_ANALYZER_NUMBER_OBJECT_CONVERSION = YES_AGGRESSIVE;
				CLANG_CXX_LANGUAGE_STANDARD = "gnu++17";
				CLANG_ENABLE_MODULES = YES;
				CLANG_ENABLE_OBJC_ARC = YES;
				CLANG_ENABLE_OBJC_WEAK = YES;
				CLANG_WARN_BLOCK_CAPTURE_AUTORELEASING = YES;
				CLANG_WARN_BOOL_CONVERSION = YES;
				CLANG_WARN_COMMA = YES;
				CLANG_WARN_CONSTANT_CONVERSION = YES;
				CLANG_WARN_DEPRECATED_OBJC_IMPLEMENTATIONS = YES;
				CLANG_WARN_DIRECT_OBJC_ISA_USAGE = YES_ERROR;
				CLANG_WARN_DOCUMENTATION_COMMENTS = YES;
				CLANG_WARN_EMPTY_BODY = YES;
				CLANG_WARN_ENUM_CONVERSION = YES;
				CLANG_WARN_INFINITE_RECURSION = YES;
				CLANG_WARN_INT_CONVERSION = YES;
				CLANG_WARN_NON_LITERAL_NULL_CONVERSION = YES;
				CLANG_WARN_OBJC_IMPLICIT_RETAIN_SELF = YES;
				CLANG_WARN_OBJC_LITERAL_CONVERSION = YES;
				CLANG_WARN_OBJC_ROOT_CLASS = YES_ERROR;
				CLANG_WARN_QUOTED_INCLUDE_IN_FRAMEWORK_HEADER = YES;
				CLANG_WARN_RANGE_LOOP_ANALYSIS = YES;
				CLANG_WARN_STRICT_PROTOTYPES = YES;
				CLANG_WARN_SUSPICIOUS_MOVE = YES;
				CLANG_WARN_UNGUARDED_AVAILABILITY = YES_AGGRESSIVE;
				CLANG_WARN_UNREACHABLE_CODE = YES;
				CLANG_WARN__DUPLICATE_METHOD_MATCH = YES;
				COPY_PHASE_STRIP = NO;
				DEBUG_INFORMATION_FORMAT = "dwarf-with-dsym";
				ENABLE_NS_ASSERTIONS = NO;
				ENABLE_STRICT_OBJC_MSGSEND = YES;
				GCC_C_LANGUAGE_STANDARD = gnu11;
				GCC_NO_COMMON_BLOCKS = YES;
				GCC_WARN_64_TO_32_BIT_CONVERSION = YES;
				GCC_WARN_ABOUT_RETURN_TYPE = YES_ERROR;
				GCC_WARN_UNDECLARED_SELECTOR = YES;
				GCC_WARN_UNINITIALIZED_AUTOS = YES_AGGRESSIVE;
				GCC_WARN_UNUSED_FUNCTION = YES;
				GCC_WARN_UNUSED_VARIABLE = YES;
				IPHONEOS_DEPLOYMENT_TARGET = 13.0;
				MTL_ENABLE_DEBUG_INFO = NO;
				MTL_FAST_MATH = YES;
				SDKROOT = iphoneos;
				SWIFT_COMPILATION_MODE = wholemodule;
				SWIFT_OPTIMIZATION_LEVEL = "-O";
				VALIDATE_PRODUCT = YES;
			};
			name = Release;
		};
		CD23A9F328634474001024EE /* Debug */ = {
			isa = XCBuildConfiguration;
			baseConfigurationReference = FB81F00F78D3CA03377C369E /* Pods-MovieRama.debug.xcconfig */;
			buildSettings = {
				ASSETCATALOG_COMPILER_APPICON_NAME = AppIcon;
				ASSETCATALOG_COMPILER_GLOBAL_ACCENT_COLOR_NAME = AccentColor;
				CODE_SIGN_STYLE = Automatic;
				CURRENT_PROJECT_VERSION = 1;
				DEVELOPMENT_TEAM = S54QJB2K5Q;
				GENERATE_INFOPLIST_FILE = YES;
				INFOPLIST_FILE = "MovieRama/Supporting Files/Info.plist";
				INFOPLIST_KEY_UIApplicationSupportsIndirectInputEvents = YES;
				INFOPLIST_KEY_UILaunchStoryboardName = LaunchScreen;
				INFOPLIST_KEY_UIMainStoryboardFile = LaunchScreen;
				INFOPLIST_KEY_UISupportedInterfaceOrientations_iPad = "UIInterfaceOrientationPortrait UIInterfaceOrientationPortraitUpsideDown UIInterfaceOrientationLandscapeLeft UIInterfaceOrientationLandscapeRight";
				INFOPLIST_KEY_UISupportedInterfaceOrientations_iPhone = UIInterfaceOrientationPortrait;
				IPHONEOS_DEPLOYMENT_TARGET = 13.0;
				LD_RUNPATH_SEARCH_PATHS = (
					"$(inherited)",
					"@executable_path/Frameworks",
				);
				MARKETING_VERSION = 1.0;
				PRODUCT_BUNDLE_IDENTIFIER = com.mourgias.MovieRama;
				PRODUCT_NAME = "$(TARGET_NAME)";
				SWIFT_EMIT_LOC_STRINGS = YES;
				SWIFT_VERSION = 5.0;
				TARGETED_DEVICE_FAMILY = 1;
			};
			name = Debug;
		};
		CD23A9F428634474001024EE /* Release */ = {
			isa = XCBuildConfiguration;
			baseConfigurationReference = 580D044A384BB6565DF7F3C0 /* Pods-MovieRama.release.xcconfig */;
			buildSettings = {
				ASSETCATALOG_COMPILER_APPICON_NAME = AppIcon;
				ASSETCATALOG_COMPILER_GLOBAL_ACCENT_COLOR_NAME = AccentColor;
				CODE_SIGN_STYLE = Automatic;
				CURRENT_PROJECT_VERSION = 1;
				DEVELOPMENT_TEAM = S54QJB2K5Q;
				GENERATE_INFOPLIST_FILE = YES;
				INFOPLIST_FILE = "MovieRama/Supporting Files/Info.plist";
				INFOPLIST_KEY_UIApplicationSupportsIndirectInputEvents = YES;
				INFOPLIST_KEY_UILaunchStoryboardName = LaunchScreen;
				INFOPLIST_KEY_UIMainStoryboardFile = LaunchScreen;
				INFOPLIST_KEY_UISupportedInterfaceOrientations_iPad = "UIInterfaceOrientationPortrait UIInterfaceOrientationPortraitUpsideDown UIInterfaceOrientationLandscapeLeft UIInterfaceOrientationLandscapeRight";
				INFOPLIST_KEY_UISupportedInterfaceOrientations_iPhone = UIInterfaceOrientationPortrait;
				IPHONEOS_DEPLOYMENT_TARGET = 13.0;
				LD_RUNPATH_SEARCH_PATHS = (
					"$(inherited)",
					"@executable_path/Frameworks",
				);
				MARKETING_VERSION = 1.0;
				PRODUCT_BUNDLE_IDENTIFIER = com.mourgias.MovieRama;
				PRODUCT_NAME = "$(TARGET_NAME)";
				SWIFT_EMIT_LOC_STRINGS = YES;
				SWIFT_VERSION = 5.0;
				TARGETED_DEVICE_FAMILY = 1;
			};
			name = Release;
		};
		CD23A9F628634474001024EE /* Debug */ = {
			isa = XCBuildConfiguration;
			baseConfigurationReference = DB5648FD54D1B58ED8839186 /* Pods-MovieRamaTests.debug.xcconfig */;
			buildSettings = {
				ALWAYS_EMBED_SWIFT_STANDARD_LIBRARIES = YES;
				BUNDLE_LOADER = "$(TEST_HOST)";
				CODE_SIGN_STYLE = Automatic;
				CURRENT_PROJECT_VERSION = 1;
				DEVELOPMENT_TEAM = S54QJB2K5Q;
				GENERATE_INFOPLIST_FILE = YES;
				IPHONEOS_DEPLOYMENT_TARGET = 15.5;
				MARKETING_VERSION = 1.0;
				PRODUCT_BUNDLE_IDENTIFIER = com.mourgias.MovieRamaTests;
				PRODUCT_NAME = "$(TARGET_NAME)";
				SWIFT_EMIT_LOC_STRINGS = NO;
				SWIFT_VERSION = 5.0;
				TARGETED_DEVICE_FAMILY = "1,2";
				TEST_HOST = "$(BUILT_PRODUCTS_DIR)/MovieRama.app/MovieRama";
			};
			name = Debug;
		};
		CD23A9F728634474001024EE /* Release */ = {
			isa = XCBuildConfiguration;
			baseConfigurationReference = CE294C449F843BB8C3F1AD7E /* Pods-MovieRamaTests.release.xcconfig */;
			buildSettings = {
				ALWAYS_EMBED_SWIFT_STANDARD_LIBRARIES = YES;
				BUNDLE_LOADER = "$(TEST_HOST)";
				CODE_SIGN_STYLE = Automatic;
				CURRENT_PROJECT_VERSION = 1;
				DEVELOPMENT_TEAM = S54QJB2K5Q;
				GENERATE_INFOPLIST_FILE = YES;
				IPHONEOS_DEPLOYMENT_TARGET = 15.5;
				MARKETING_VERSION = 1.0;
				PRODUCT_BUNDLE_IDENTIFIER = com.mourgias.MovieRamaTests;
				PRODUCT_NAME = "$(TARGET_NAME)";
				SWIFT_EMIT_LOC_STRINGS = NO;
				SWIFT_VERSION = 5.0;
				TARGETED_DEVICE_FAMILY = "1,2";
				TEST_HOST = "$(BUILT_PRODUCTS_DIR)/MovieRama.app/MovieRama";
			};
			name = Release;
		};
		CD23A9F928634474001024EE /* Debug */ = {
			isa = XCBuildConfiguration;
			baseConfigurationReference = 1E94D53AF80E78F9266B99C7 /* Pods-MovieRama-MovieRamaUITests.debug.xcconfig */;
			buildSettings = {
				ALWAYS_EMBED_SWIFT_STANDARD_LIBRARIES = YES;
				CODE_SIGN_STYLE = Automatic;
				CURRENT_PROJECT_VERSION = 1;
				DEVELOPMENT_TEAM = S54QJB2K5Q;
				GENERATE_INFOPLIST_FILE = YES;
				MARKETING_VERSION = 1.0;
				PRODUCT_BUNDLE_IDENTIFIER = com.mourgias.MovieRamaUITests;
				PRODUCT_NAME = "$(TARGET_NAME)";
				SWIFT_EMIT_LOC_STRINGS = NO;
				SWIFT_VERSION = 5.0;
				TARGETED_DEVICE_FAMILY = "1,2";
				TEST_TARGET_NAME = MovieRama;
			};
			name = Debug;
		};
		CD23A9FA28634474001024EE /* Release */ = {
			isa = XCBuildConfiguration;
			baseConfigurationReference = 46DB65A7DDCFCB420400DD3C /* Pods-MovieRama-MovieRamaUITests.release.xcconfig */;
			buildSettings = {
				ALWAYS_EMBED_SWIFT_STANDARD_LIBRARIES = YES;
				CODE_SIGN_STYLE = Automatic;
				CURRENT_PROJECT_VERSION = 1;
				DEVELOPMENT_TEAM = S54QJB2K5Q;
				GENERATE_INFOPLIST_FILE = YES;
				MARKETING_VERSION = 1.0;
				PRODUCT_BUNDLE_IDENTIFIER = com.mourgias.MovieRamaUITests;
				PRODUCT_NAME = "$(TARGET_NAME)";
				SWIFT_EMIT_LOC_STRINGS = NO;
				SWIFT_VERSION = 5.0;
				TARGETED_DEVICE_FAMILY = "1,2";
				TEST_TARGET_NAME = MovieRama;
			};
			name = Release;
		};
/* End XCBuildConfiguration section */

/* Begin XCConfigurationList section */
		CD23A9C328634473001024EE /* Build configuration list for PBXProject "MovieRama" */ = {
			isa = XCConfigurationList;
			buildConfigurations = (
				CD23A9F028634474001024EE /* Debug */,
				CD23A9F128634474001024EE /* Release */,
			);
			defaultConfigurationIsVisible = 0;
			defaultConfigurationName = Release;
		};
		CD23A9F228634474001024EE /* Build configuration list for PBXNativeTarget "MovieRama" */ = {
			isa = XCConfigurationList;
			buildConfigurations = (
				CD23A9F328634474001024EE /* Debug */,
				CD23A9F428634474001024EE /* Release */,
			);
			defaultConfigurationIsVisible = 0;
			defaultConfigurationName = Release;
		};
		CD23A9F528634474001024EE /* Build configuration list for PBXNativeTarget "MovieRamaTests" */ = {
			isa = XCConfigurationList;
			buildConfigurations = (
				CD23A9F628634474001024EE /* Debug */,
				CD23A9F728634474001024EE /* Release */,
			);
			defaultConfigurationIsVisible = 0;
			defaultConfigurationName = Release;
		};
		CD23A9F828634474001024EE /* Build configuration list for PBXNativeTarget "MovieRamaUITests" */ = {
			isa = XCConfigurationList;
			buildConfigurations = (
				CD23A9F928634474001024EE /* Debug */,
				CD23A9FA28634474001024EE /* Release */,
			);
			defaultConfigurationIsVisible = 0;
			defaultConfigurationName = Release;
		};
/* End XCConfigurationList section */
	};
	rootObject = CD23A9C028634473001024EE /* Project object */;
}
